
Microsoft Visual Studio Solution File, Format Version 12.00
# Visual Studio Version 17
VisualStudioVersion = 17.14.36717.8 d17.14
MinimumVisualStudioVersion = 10.0.40219.1
Project("{FAE04EC0-301F-11D3-BF4B-00C04F79EFBC}") = "Homework 26.01.2026", "Homework 26.01.2026\Homework 26.01.2026.csproj", "{E80BCF76-72B3-4B09-BAE2-DF2890BB2795}"
EndProject
Global
	GlobalSection(SolutionConfigurationPlatforms) = preSolution
		Debug|Any CPU = Debug|Any CPU
		Release|Any CPU = Release|Any CPU
	EndGlobalSection
	GlobalSection(ProjectConfigurationPlatforms) = postSolution
		{E80BCF76-72B3-4B09-BAE2-DF2890BB2795}.Debug|Any CPU.ActiveCfg = Debug|Any CPU
		{E80BCF76-72B3-4B09-BAE2-DF2890BB2795}.Debug|Any CPU.Build.0 = Debug|Any CPU
		{E80BCF76-72B3-4B09-BAE2-DF2890BB2795}.Release|Any CPU.ActiveCfg = Release|Any CPU
		{E80BCF76-72B3-4B09-BAE2-DF2890BB2795}.Release|Any CPU.Build.0 = Release|Any CPU
	EndGlobalSection
	GlobalSection(SolutionProperties) = preSolution
		HideSolutionNode = FALSE
	EndGlobalSection
	GlobalSection(ExtensibilityGlobals) = postSolution
		SolutionGuid = {F30F138F-7C55-47E3-8601-2CC8BCE1E80C}
	EndGlobalSection
EndGlobal
